
Microsoft Visual Studio Solution File, Format Version 12.00
# Visual Studio Version 17
VisualStudioVersion = 17.1.32319.34
MinimumVisualStudioVersion = 10.0.40219.1
Project("{9A19103F-16F7-4668-BE54-9A1E7A4F7556}") = "StickyPrint", "StickyPrint\StickyPrint.csproj", "{93424054-584A-44B3-A641-2CDDF8F547DD}"
EndProject
Global
	GlobalSection(SolutionConfigurationPlatforms) = preSolution
		Debug|Any CPU = Debug|Any CPU
		Release|Any CPU = Release|Any CPU
	EndGlobalSection
	GlobalSection(ProjectConfigurationPlatforms) = postSolution
		{93424054-584A-44B3-A641-2CDDF8F547DD}.Debug|Any CPU.ActiveCfg = Debug|Any CPU
		{93424054-584A-44B3-A641-2CDDF8F547DD}.Debug|Any CPU.Build.0 = Debug|Any CPU
		{93424054-584A-44B3-A641-2CDDF8F547DD}.Release|Any CPU.ActiveCfg = Release|Any CPU
		{93424054-584A-44B3-A641-2CDDF8F547DD}.Release|Any CPU.Build.0 = Release|Any CPU
	EndGlobalSection
	GlobalSection(SolutionProperties) = preSolution
		HideSolutionNode = FALSE
	EndGlobalSection
	GlobalSection(ExtensibilityGlobals) = postSolution
		SolutionGuid = {A2D26E1A-A18B-420D-8E3F-0029832240CF}
	EndGlobalSection
EndGlobal
